
Microsoft Visual Studio Solution File, Format Version 12.00
# Visual Studio Version 17
VisualStudioVersion = 17.2.32526.322
MinimumVisualStudioVersion = 10.0.40219.1
Project("{FAE04EC0-301F-11D3-BF4B-00C04F79EFBC}") = "Desafio005", "Desafio005\Desafio005.csproj", "{F8AC1BA1-A65D-406E-8B42-3C683DD41BD1}"
EndProject
Global
	GlobalSection(SolutionConfigurationPlatforms) = preSolution
		Debug|Any CPU = Debug|Any CPU
		Release|Any CPU = Release|Any CPU
	EndGlobalSection
	GlobalSection(ProjectConfigurationPlatforms) = postSolution
		{F8AC1BA1-A65D-406E-8B42-3C683DD41BD1}.Debug|Any CPU.ActiveCfg = Debug|Any CPU
		{F8AC1BA1-A65D-406E-8B42-3C683DD41BD1}.Debug|Any CPU.Build.0 = Debug|Any CPU
		{F8AC1BA1-A65D-406E-8B42-3C683DD41BD1}.Release|Any CPU.ActiveCfg = Release|Any CPU
		{F8AC1BA1-A65D-406E-8B42-3C683DD41BD1}.Release|Any CPU.Build.0 = Release|Any CPU
	EndGlobalSection
	GlobalSection(SolutionProperties) = preSolution
		HideSolutionNode = FALSE
	EndGlobalSection
	GlobalSection(ExtensibilityGlobals) = postSolution
		SolutionGuid = {C0A71BB1-5BDE-4A23-B7D3-C8A7879DA6D4}
	EndGlobalSection
EndGlobal
